
Microsoft Visual Studio Solution File, Format Version 12.00
# Visual Studio Version 16
VisualStudioVersion = 16.0.31129.286
MinimumVisualStudioVersion = 10.0.40219.1
Project("{FAE04EC0-301F-11D3-BF4B-00C04F79EFBC}") = "MultiStepFormMVC", "MultiStepFormMVC\MultiStepFormMVC.csproj", "{192C561E-53D2-4C92-8217-AAA68BD8265D}"
EndProject
Global
	GlobalSection(SolutionConfigurationPlatforms) = preSolution
		Debug|Any CPU = Debug|Any CPU
		Release|Any CPU = Release|Any CPU
	EndGlobalSection
	GlobalSection(ProjectConfigurationPlatforms) = postSolution
		{192C561E-53D2-4C92-8217-AAA68BD8265D}.Debug|Any CPU.ActiveCfg = Debug|Any CPU
		{192C561E-53D2-4C92-8217-AAA68BD8265D}.Debug|Any CPU.Build.0 = Debug|Any CPU
		{192C561E-53D2-4C92-8217-AAA68BD8265D}.Release|Any CPU.ActiveCfg = Release|Any CPU
		{192C561E-53D2-4C92-8217-AAA68BD8265D}.Release|Any CPU.Build.0 = Release|Any CPU
	EndGlobalSection
	GlobalSection(SolutionProperties) = preSolution
		HideSolutionNode = FALSE
	EndGlobalSection
	GlobalSection(ExtensibilityGlobals) = postSolution
		SolutionGuid = {757F60A3-E04A-4766-849F-961B7032443C}
	EndGlobalSection
EndGlobal
